
Microsoft Visual Studio Solution File, Format Version 12.00
# Visual Studio 15
VisualStudioVersion = 15.0.27428.2043
MinimumVisualStudioVersion = 10.0.40219.1
Project("{FAE04EC0-301F-11D3-BF4B-00C04F79EFBC}") = "RssReader.Android", "RssReader\RssReader.Android\RssReader.Android.csproj", "{F00DAA85-4A10-4D3C-9D1A-8273B0B839AA}"
EndProject
Project("{FAE04EC0-301F-11D3-BF4B-00C04F79EFBC}") = "RssReader.UWP", "RssReader\RssReader.UWP\RssReader.UWP.csproj", "{E5C2842C-ABBE-4C8B-AC66-13830DDD57A6}"
EndProject
Project("{9A19103F-16F7-4668-BE54-9A1E7A4F7556}") = "RssReader", "RssReader\RssReader\RssReader.csproj", "{A0A704E8-26B5-4FFD-A4F3-BC869153488E}"
EndProject
Project("{FAE04EC0-301F-11D3-BF4B-00C04F79EFBC}") = "DAL", "DAL\DAL.csproj", "{C37B3696-544B-43AD-9751-3F67A35D4895}"
EndProject
Global
	GlobalSection(SolutionConfigurationPlatforms) = preSolution
		Debug|Any CPU = Debug|Any CPU
		Debug|ARM = Debug|ARM
		Debug|x64 = Debug|x64
		Debug|x86 = Debug|x86
		Release|Any CPU = Release|Any CPU
		Release|ARM = Release|ARM
		Release|x64 = Release|x64
		Release|x86 = Release|x86
	EndGlobalSection
	GlobalSection(ProjectConfigurationPlatforms) = postSolution
		{F00DAA85-4A10-4D3C-9D1A-8273B0B839AA}.Debug|Any CPU.ActiveCfg = Debug|Any CPU
		{F00DAA85-4A10-4D3C-9D1A-8273B0B839AA}.Debug|Any CPU.Build.0 = Debug|Any CPU
		{F00DAA85-4A10-4D3C-9D1A-8273B0B839AA}.Debug|Any CPU.Deploy.0 = Debug|Any CPU
		{F00DAA85-4A10-4D3C-9D1A-8273B0B839AA}.Debug|ARM.ActiveCfg = Debug|Any CPU
		{F00DAA85-4A10-4D3C-9D1A-8273B0B839AA}.Debug|ARM.Build.0 = Debug|Any CPU
		{F00DAA85-4A10-4D3C-9D1A-8273B0B839AA}.Debug|ARM.Deploy.0 = Debug|Any CPU
		{F00DAA85-4A10-4D3C-9D1A-8273B0B839AA}.Debug|x64.ActiveCfg = Debug|Any CPU
		{F00DAA85-4A10-4D3C-9D1A-8273B0B839AA}.Debug|x64.Build.0 = Debug|Any CPU
		{F00DAA85-4A10-4D3C-9D1A-8273B0B839AA}.Debug|x64.Deploy.0 = Debug|Any CPU
		{F00DAA85-4A10-4D3C-9D1A-8273B0B839AA}.Debug|x86.ActiveCfg = Debug|Any CPU
		{F00DAA85-4A10-4D3C-9D1A-8273B0B839AA}.Debug|x86.Build.0 = Debug|Any CPU
		{F00DAA85-4A10-4D3C-9D1A-8273B0B839AA}.Debug|x86.Deploy.0 = Debug|Any CPU
		{F00DAA85-4A10-4D3C-9D1A-8273B0B839AA}.Release|Any CPU.ActiveCfg = Release|Any CPU
		{F00DAA85-4A10-4D3C-9D1A-8273B0B839AA}.Release|Any CPU.Build.0 = Release|Any CPU
		{F00DAA85-4A10-4D3C-9D1A-8273B0B839AA}.Release|Any CPU.Deploy.0 = Release|Any CPU
		{F00DAA85-4A10-4D3C-9D1A-8273B0B839AA}.Release|ARM.ActiveCfg = Release|Any CPU
		{F00DAA85-4A10-4D3C-9D1A-8273B0B839AA}.Release|ARM.Build.0 = Release|Any CPU
		{F00DAA85-4A10-4D3C-9D1A-8273B0B839AA}.Release|ARM.Deploy.0 = Release|Any CPU
		{F00DAA85-4A10-4D3C-9D1A-8273B0B839AA}.Release|x64.ActiveCfg = Release|Any CPU
		{F00DAA85-4A10-4D3C-9D1A-8273B0B839AA}.Release|x64.Build.0 = Release|Any CPU
		{F00DAA85-4A10-4D3C-9D1A-8273B0B839AA}.Release|x64.Deploy.0 = Release|Any CPU
		{F00DAA85-4A10-4D3C-9D1A-8273B0B839AA}.Release|x86.ActiveCfg = Release|Any CPU
		{F00DAA85-4A10-4D3C-9D1A-8273B0B839AA}.Release|x86.Build.0 = Release|Any CPU
		{F00DAA85-4A10-4D3C-9D1A-8273B0B839AA}.Release|x86.Deploy.0 = Release|Any CPU
		{E5C2842C-ABBE-4C8B-AC66-13830DDD57A6}.Debug|Any CPU.ActiveCfg = Debug|x86
		{E5C2842C-ABBE-4C8B-AC66-13830DDD57A6}.Debug|ARM.ActiveCfg = Debug|ARM
		{E5C2842C-ABBE-4C8B-AC66-13830DDD57A6}.Debug|ARM.Build.0 = Debug|ARM
		{E5C2842C-ABBE-4C8B-AC66-13830DDD57A6}.Debug|ARM.Deploy.0 = Debug|ARM
		{E5C2842C-ABBE-4C8B-AC66-13830DDD57A6}.Debug|x64.ActiveCfg = Debug|x64
		{E5C2842C-ABBE-4C8B-AC66-13830DDD57A6}.Debug|x64.Build.0 = Debug|x64
		{E5C2842C-ABBE-4C8B-AC66-13830DDD57A6}.Debug|x64.Deploy.0 = Debug|x64
		{E5C2842C-ABBE-4C8B-AC66-13830DDD57A6}.Debug|x86.ActiveCfg = Debug|x86
		{E5C2842C-ABBE-4C8B-AC66-13830DDD57A6}.Debug|x86.Build.0 = Debug|x86
		{E5C2842C-ABBE-4C8B-AC66-13830DDD57A6}.Debug|x86.Deploy.0 = Debug|x86
		{E5C2842C-ABBE-4C8B-AC66-13830DDD57A6}.Release|Any CPU.ActiveCfg = Release|x86
		{E5C2842C-ABBE-4C8B-AC66-13830DDD57A6}.Release|ARM.ActiveCfg = Release|ARM
		{E5C2842C-ABBE-4C8B-AC66-13830DDD57A6}.Release|ARM.Build.0 = Release|ARM
		{E5C2842C-ABBE-4C8B-AC66-13830DDD57A6}.Release|ARM.Deploy.0 = Release|ARM
		{E5C2842C-ABBE-4C8B-AC66-13830DDD57A6}.Release|x64.ActiveCfg = Release|x64
		{E5C2842C-ABBE-4C8B-AC66-13830DDD57A6}.Release|x64.Build.0 = Release|x64
		{E5C2842C-ABBE-4C8B-AC66-13830DDD57A6}.Release|x64.Deploy.0 = Release|x64
		{E5C2842C-ABBE-4C8B-AC66-13830DDD57A6}.Release|x86.ActiveCfg = Release|x86
		{E5C2842C-ABBE-4C8B-AC66-13830DDD57A6}.Release|x86.Build.0 = Release|x86
		{E5C2842C-ABBE-4C8B-AC66-13830DDD57A6}.Release|x86.Deploy.0 = Release|x86
		{A0A704E8-26B5-4FFD-A4F3-BC869153488E}.Debug|Any CPU.ActiveCfg = Debug|Any CPU
		{A0A704E8-26B5-4FFD-A4F3-BC869153488E}.Debug|Any CPU.Build.0 = Debug|Any CPU
		{A0A704E8-26B5-4FFD-A4F3-BC869153488E}.Debug|ARM.ActiveCfg = Debug|Any CPU
		{A0A704E8-26B5-4FFD-A4F3-BC869153488E}.Debug|ARM.Build.0 = Debug|Any CPU
		{A0A704E8-26B5-4FFD-A4F3-BC869153488E}.Debug|x64.ActiveCfg = Debug|Any CPU
		{A0A704E8-26B5-4FFD-A4F3-BC869153488E}.Debug|x64.Build.0 = Debug|Any CPU
		{A0A704E8-26B5-4FFD-A4F3-BC869153488E}.Debug|x86.ActiveCfg = Debug|Any CPU
		{A0A704E8-26B5-4FFD-A4F3-BC869153488E}.Debug|x86.Build.0 = Debug|Any CPU
		{A0A704E8-26B5-4FFD-A4F3-BC869153488E}.Release|Any CPU.ActiveCfg = Release|Any CPU
		{A0A704E8-26B5-4FFD-A4F3-BC869153488E}.Release|Any CPU.Build.0 = Release|Any CPU
		{A0A704E8-26B5-4FFD-A4F3-BC869153488E}.Release|ARM.ActiveCfg = Release|Any CPU
		{A0A704E8-26B5-4FFD-A4F3-BC869153488E}.Release|ARM.Build.0 = Release|Any CPU
		{A0A704E8-26B5-4FFD-A4F3-BC869153488E}.Release|x64.ActiveCfg = Release|Any CPU
		{A0A704E8-26B5-4FFD-A4F3-BC869153488E}.Release|x64.Build.0 = Release|Any CPU
		{A0A704E8-26B5-4FFD-A4F3-BC869153488E}.Release|x86.ActiveCfg = Release|Any CPU
		{A0A704E8-26B5-4FFD-A4F3-BC869153488E}.Release|x86.Build.0 = Release|Any CPU
		{C37B3696-544B-43AD-9751-3F67A35D4895}.Debug|Any CPU.ActiveCfg = Debug|Any CPU
		{C37B3696-544B-43AD-9751-3F67A35D4895}.Debug|Any CPU.Build.0 = Debug|Any CPU
		{C37B3696-544B-43AD-9751-3F67A35D4895}.Debug|ARM.ActiveCfg = Debug|Any CPU
		{C37B3696-544B-43AD-9751-3F67A35D4895}.Debug|ARM.Build.0 = Debug|Any CPU
		{C37B3696-544B-43AD-9751-3F67A35D4895}.Debug|x64.ActiveCfg = Debug|Any CPU
		{C37B3696-544B-43AD-9751-3F67A35D4895}.Debug|x64.Build.0 = Debug|Any CPU
		{C37B3696-544B-43AD-9751-3F67A35D4895}.Debug|x86.ActiveCfg = Debug|Any CPU
		{C37B3696-544B-43AD-9751-3F67A35D4895}.Debug|x86.Build.0 = Debug|Any CPU
		{C37B3696-544B-43AD-9751-3F67A35D4895}.Release|Any CPU.ActiveCfg = Release|Any CPU
		{C37B3696-544B-43AD-9751-3F67A35D4895}.Release|Any CPU.Build.0 = Release|Any CPU
		{C37B3696-544B-43AD-9751-3F67A35D4895}.Release|ARM.ActiveCfg = Release|Any CPU
		{C37B3696-544B-43AD-9751-3F67A35D4895}.Release|ARM.Build.0 = Release|Any CPU
		{C37B3696-544B-43AD-9751-3F67A35D4895}.Release|x64.ActiveCfg = Release|Any CPU
		{C37B3696-544B-43AD-9751-3F67A35D4895}.Release|x64.Build.0 = Release|Any CPU
		{C37B3696-544B-43AD-9751-3F67A35D4895}.Release|x86.ActiveCfg = Release|Any CPU
		{C37B3696-544B-43AD-9751-3F67A35D4895}.Release|x86.Build.0 = Release|Any CPU
	EndGlobalSection
	GlobalSection(SolutionProperties) = preSolution
		HideSolutionNode = FALSE
	EndGlobalSection
	GlobalSection(ExtensibilityGlobals) = postSolution
		SolutionGuid = {9D4CAF25-6C9D-4714-BC2A-35B500510876}
	EndGlobalSection
EndGlobal
